prepare:
  cmd: python .\src\prepare.py
  deps:
  - path: .\data\raw\
    md5: a8a5252d9b14ab2c1be283822a86981a.dir
  - path: .\src\prepare.py
    md5: ef804f358e00edcfe52c865b471f8f55
  outs:
  - path: .\data\prepared\test.csv
    md5: 7831276ec6759a472ea12a090a0217a7
  - path: .\data\prepared\train.csv
    md5: dd9364df8bd0139914dfe0866687a16d
train:
  cmd: python .\src\train.py
  deps:
  - path: .\data\prepared\train.csv
    md5: dd9364df8bd0139914dfe0866687a16d
  - path: .\src\train.py
    md5: fba02db450a577e4eef0ce583a5dca3e
  outs:
  - path: .\model\model.joblib
    md5: 265e17b450f5998e37f4ee2abf0daf72
evaluate:
  cmd: python .\src\evaluate.py
  deps:
  - path: .\model\model.joblib
    md5: 265e17b450f5998e37f4ee2abf0daf72
  - path: .\src\evaluate.py
    md5: b197277667d6269271fff4ae4af8a941
  outs:
  - path: .\metrics\accuracy.json
    md5: 34a1a3d5fa980ee630725927b7c5c6f4
